
Microsoft Visual Studio Solution File, Format Version 12.00
# Visual Studio Version 16
VisualStudioVersion = 16.0.29230.47
MinimumVisualStudioVersion = 10.0.40219.1
Project("{FAE04EC0-301F-11D3-BF4B-00C04F79EFBC}") = "WindowsFormsApp1", "WindowsFormsApp1.csproj", "{135729D4-1F87-472B-8175-FDF1398E6B57}"
EndProject
Project("{2150E333-8FDC-42A3-9474-1A3956D46DE8}") = "Solution Items", "Solution Items", "{2C3FE9DD-F3F4-4652-B6DE-8DD8F342E355}"
	ProjectSection(SolutionItems) = preProject
		smilePage.ico = smilePage.ico
	EndProjectSection
EndProject
Global
	GlobalSection(SolutionConfigurationPlatforms) = preSolution
		Debug|Any CPU = Debug|Any CPU
		Release|Any CPU = Release|Any CPU
	EndGlobalSection
	GlobalSection(ProjectConfigurationPlatforms) = postSolution
		{135729D4-1F87-472B-8175-FDF1398E6B57}.Debug|Any CPU.ActiveCfg = Debug|Any CPU
		{135729D4-1F87-472B-8175-FDF1398E6B57}.Debug|Any CPU.Build.0 = Debug|Any CPU
		{135729D4-1F87-472B-8175-FDF1398E6B57}.Release|Any CPU.ActiveCfg = Release|Any CPU
		{135729D4-1F87-472B-8175-FDF1398E6B57}.Release|Any CPU.Build.0 = Release|Any CPU
	EndGlobalSection
	GlobalSection(SolutionProperties) = preSolution
		HideSolutionNode = FALSE
	EndGlobalSection
	GlobalSection(ExtensibilityGlobals) = postSolution
		SolutionGuid = {81209D73-4FA3-4BF0-B532-65BF078034A2}
	EndGlobalSection
EndGlobal
